
Microsoft Visual Studio Solution File, Format Version 12.00
# Visual Studio Version 16
VisualStudioVersion = 16.0.31702.278
MinimumVisualStudioVersion = 10.0.40219.1
Project("{9A19103F-16F7-4668-BE54-9A1E7A4F7556}") = "CoreDemo", "CoreDemo\CoreDemo.csproj", "{D4368AA6-D9CE-45D7-BA5E-A63DF5F98AEC}"
EndProject
Project("{9A19103F-16F7-4668-BE54-9A1E7A4F7556}") = "EntityLayer", "EntityLayer\EntityLayer.csproj", "{ECA2E938-CB41-41DD-8112-BD491BFF304F}"
EndProject
Project("{9A19103F-16F7-4668-BE54-9A1E7A4F7556}") = "BusinessLayer", "BusinessLayer\BusinessLayer.csproj", "{B3DC719B-017E-4914-BFA4-0527ED9E8E8C}"
EndProject
Project("{9A19103F-16F7-4668-BE54-9A1E7A4F7556}") = "CoreLayer", "CoreLayer\CoreLayer.csproj", "{68ED21D9-F46F-44C7-AF89-E6BCEAD62516}"
EndProject
Project("{FAE04EC0-301F-11D3-BF4B-00C04F79EFBC}") = "DataAccessLayer", "DataAccessLayer\DataAccessLayer.csproj", "{BA16A547-90BB-4873-A269-1555766448CD}"
EndProject
Global
	GlobalSection(SolutionConfigurationPlatforms) = preSolution
		Debug|Any CPU = Debug|Any CPU
		Release|Any CPU = Release|Any CPU
	EndGlobalSection
	GlobalSection(ProjectConfigurationPlatforms) = postSolution
		{D4368AA6-D9CE-45D7-BA5E-A63DF5F98AEC}.Debug|Any CPU.ActiveCfg = Debug|Any CPU
		{D4368AA6-D9CE-45D7-BA5E-A63DF5F98AEC}.Debug|Any CPU.Build.0 = Debug|Any CPU
		{D4368AA6-D9CE-45D7-BA5E-A63DF5F98AEC}.Release|Any CPU.ActiveCfg = Release|Any CPU
		{D4368AA6-D9CE-45D7-BA5E-A63DF5F98AEC}.Release|Any CPU.Build.0 = Release|Any CPU
		{ECA2E938-CB41-41DD-8112-BD491BFF304F}.Debug|Any CPU.ActiveCfg = Debug|Any CPU
		{ECA2E938-CB41-41DD-8112-BD491BFF304F}.Debug|Any CPU.Build.0 = Debug|Any CPU
		{ECA2E938-CB41-41DD-8112-BD491BFF304F}.Release|Any CPU.ActiveCfg = Release|Any CPU
		{ECA2E938-CB41-41DD-8112-BD491BFF304F}.Release|Any CPU.Build.0 = Release|Any CPU
		{B3DC719B-017E-4914-BFA4-0527ED9E8E8C}.Debug|Any CPU.ActiveCfg = Debug|Any CPU
		{B3DC719B-017E-4914-BFA4-0527ED9E8E8C}.Debug|Any CPU.Build.0 = Debug|Any CPU
		{B3DC719B-017E-4914-BFA4-0527ED9E8E8C}.Release|Any CPU.ActiveCfg = Release|Any CPU
		{B3DC719B-017E-4914-BFA4-0527ED9E8E8C}.Release|Any CPU.Build.0 = Release|Any CPU
		{68ED21D9-F46F-44C7-AF89-E6BCEAD62516}.Debug|Any CPU.ActiveCfg = Debug|Any CPU
		{68ED21D9-F46F-44C7-AF89-E6BCEAD62516}.Debug|Any CPU.Build.0 = Debug|Any CPU
		{68ED21D9-F46F-44C7-AF89-E6BCEAD62516}.Release|Any CPU.ActiveCfg = Release|Any CPU
		{68ED21D9-F46F-44C7-AF89-E6BCEAD62516}.Release|Any CPU.Build.0 = Release|Any CPU
		{BA16A547-90BB-4873-A269-1555766448CD}.Debug|Any CPU.ActiveCfg = Debug|Any CPU
		{BA16A547-90BB-4873-A269-1555766448CD}.Debug|Any CPU.Build.0 = Debug|Any CPU
		{BA16A547-90BB-4873-A269-1555766448CD}.Release|Any CPU.ActiveCfg = Release|Any CPU
		{BA16A547-90BB-4873-A269-1555766448CD}.Release|Any CPU.Build.0 = Release|Any CPU
	EndGlobalSection
	GlobalSection(SolutionProperties) = preSolution
		HideSolutionNode = FALSE
	EndGlobalSection
	GlobalSection(ExtensibilityGlobals) = postSolution
		SolutionGuid = {84A9752E-193E-4DFF-8422-056B34508C52}
	EndGlobalSection
EndGlobal
